
Microsoft Visual Studio Solution File, Format Version 12.00
# Visual Studio Version 16
VisualStudioVersion = 16.0.28803.352
MinimumVisualStudioVersion = 10.0.40219.1
Project("{2150E333-8FDC-42A3-9474-1A3956D46DE8}") = "src", "src", "{28660603-41AF-4489-956B-26D0250B0D70}"
EndProject
Project("{FAE04EC0-301F-11D3-BF4B-00C04F79EFBC}") = "Aveneo.TestExcercise.Infrastructure", "src\Aveneo.TestExcercise.Infrastructure\Aveneo.TestExcercise.Infrastructure.csproj", "{D70CF509-8F51-42CC-AC8B-270E8A9810D1}"
EndProject
Project("{FAE04EC0-301F-11D3-BF4B-00C04F79EFBC}") = "Aveneo.TestExcercise.Web", "src\Aveneo.TestExcercise.Web\Aveneo.TestExcercise.Web.csproj", "{A46C8BC5-D82D-4E9F-9B7D-614E5AF92988}"
EndProject
Project("{FAE04EC0-301F-11D3-BF4B-00C04F79EFBC}") = "Aveneo.TestExcercise.ApplicationCore", "src\Aveneo.TestExcercise.ApplicationCore\Aveneo.TestExcercise.ApplicationCore.csproj", "{EBE7F1D1-F930-42A6-BB17-254429CC982F}"
EndProject
Global
	GlobalSection(SolutionConfigurationPlatforms) = preSolution
		Debug|Any CPU = Debug|Any CPU
		Release|Any CPU = Release|Any CPU
	EndGlobalSection
	GlobalSection(ProjectConfigurationPlatforms) = postSolution
		{D70CF509-8F51-42CC-AC8B-270E8A9810D1}.Debug|Any CPU.ActiveCfg = Debug|Any CPU
		{D70CF509-8F51-42CC-AC8B-270E8A9810D1}.Debug|Any CPU.Build.0 = Debug|Any CPU
		{D70CF509-8F51-42CC-AC8B-270E8A9810D1}.Release|Any CPU.ActiveCfg = Release|Any CPU
		{D70CF509-8F51-42CC-AC8B-270E8A9810D1}.Release|Any CPU.Build.0 = Release|Any CPU
		{A46C8BC5-D82D-4E9F-9B7D-614E5AF92988}.Debug|Any CPU.ActiveCfg = Debug|Any CPU
		{A46C8BC5-D82D-4E9F-9B7D-614E5AF92988}.Debug|Any CPU.Build.0 = Debug|Any CPU
		{A46C8BC5-D82D-4E9F-9B7D-614E5AF92988}.Release|Any CPU.ActiveCfg = Release|Any CPU
		{A46C8BC5-D82D-4E9F-9B7D-614E5AF92988}.Release|Any CPU.Build.0 = Release|Any CPU
		{EBE7F1D1-F930-42A6-BB17-254429CC982F}.Debug|Any CPU.ActiveCfg = Debug|Any CPU
		{EBE7F1D1-F930-42A6-BB17-254429CC982F}.Debug|Any CPU.Build.0 = Debug|Any CPU
		{EBE7F1D1-F930-42A6-BB17-254429CC982F}.Release|Any CPU.ActiveCfg = Release|Any CPU
		{EBE7F1D1-F930-42A6-BB17-254429CC982F}.Release|Any CPU.Build.0 = Release|Any CPU
	EndGlobalSection
	GlobalSection(SolutionProperties) = preSolution
		HideSolutionNode = FALSE
	EndGlobalSection
	GlobalSection(NestedProjects) = preSolution
		{D70CF509-8F51-42CC-AC8B-270E8A9810D1} = {28660603-41AF-4489-956B-26D0250B0D70}
		{A46C8BC5-D82D-4E9F-9B7D-614E5AF92988} = {28660603-41AF-4489-956B-26D0250B0D70}
		{EBE7F1D1-F930-42A6-BB17-254429CC982F} = {28660603-41AF-4489-956B-26D0250B0D70}
	EndGlobalSection
	GlobalSection(ExtensibilityGlobals) = postSolution
		SolutionGuid = {CBB03C7A-BF0B-41D8-80B9-40EFA102CEE8}
	EndGlobalSection
EndGlobal
